
Microsoft Visual Studio Solution File, Format Version 12.00
# Visual Studio Version 17
VisualStudioVersion = 17.14.36518.9
MinimumVisualStudioVersion = 10.0.40219.1
Project("{FAE04EC0-301F-11D3-BF4B-00C04F79EFBC}") = "ETUPortal", "ETUPortal\ETUPortal.csproj", "{23FF4520-704E-4EF6-9C61-08451ED04EF0}"
EndProject
Global
	GlobalSection(SolutionConfigurationPlatforms) = preSolution
		Debug|Any CPU = Debug|Any CPU
		Release|Any CPU = Release|Any CPU
	EndGlobalSection
	GlobalSection(ProjectConfigurationPlatforms) = postSolution
		{23FF4520-704E-4EF6-9C61-08451ED04EF0}.Debug|Any CPU.ActiveCfg = Debug|Any CPU
		{23FF4520-704E-4EF6-9C61-08451ED04EF0}.Debug|Any CPU.Build.0 = Debug|Any CPU
		{23FF4520-704E-4EF6-9C61-08451ED04EF0}.Release|Any CPU.ActiveCfg = Release|Any CPU
		{23FF4520-704E-4EF6-9C61-08451ED04EF0}.Release|Any CPU.Build.0 = Release|Any CPU
	EndGlobalSection
	GlobalSection(SolutionProperties) = preSolution
		HideSolutionNode = FALSE
	EndGlobalSection
	GlobalSection(ExtensibilityGlobals) = postSolution
		SolutionGuid = {3ADE92B2-91ED-4EF6-9285-3068C38C4B96}
	EndGlobalSection
EndGlobal
